
Microsoft Visual Studio Solution File, Format Version 11.00
# Visual Studio 2010
Project("{FAE04EC0-301F-11D3-BF4B-00C04F79EFBC}") = "Assembly-CSharp", "Assembly-CSharp.csproj", "{fa4f791c-09c0-d2f9-105d-7c240001ab4e}"
EndProject
Project("{FAE04EC0-301F-11D3-BF4B-00C04F79EFBC}") = "Assembly-CSharp-Editor", "Assembly-CSharp-Editor.csproj", "{a25888a3-c984-d096-a425-8e09bf4fd1db}"
EndProject
Global
	GlobalSection(SolutionConfigurationPlatforms) = preSolution
		Debug|Any CPU = Debug|Any CPU
	EndGlobalSection
	GlobalSection(ProjectConfigurationPlatforms) = postSolution
		{fa4f791c-09c0-d2f9-105d-7c240001ab4e}.Debug|Any CPU.ActiveCfg = Debug|Any CPU
		{fa4f791c-09c0-d2f9-105d-7c240001ab4e}.Debug|Any CPU.Build.0 = Debug|Any CPU
		{a25888a3-c984-d096-a425-8e09bf4fd1db}.Debug|Any CPU.ActiveCfg = Debug|Any CPU
		{a25888a3-c984-d096-a425-8e09bf4fd1db}.Debug|Any CPU.Build.0 = Debug|Any CPU
	EndGlobalSection
	GlobalSection(SolutionProperties) = preSolution
		HideSolutionNode = FALSE
	EndGlobalSection
EndGlobal
